// !$*UTF8*$!
{
	archiveVersion = 1;
	classes = {
	};
	objectVersion = 46;
	objects = {

/* Begin PBXBuildFile section */
		CB0B5D221DADCFB400ED3DC5 /* main.m in Sources */ = {isa = PBXBuildFile; fileRef = CB0B5D211DADCFB400ED3DC5 /* main.m */; };
		CB0B5D251DADCFB400ED3DC5 /* AppDelegate.m in Sources */ = {isa = PBXBuildFile; fileRef = CB0B5D241DADCFB400ED3DC5 /* AppDelegate.m */; };
		CB0B5D2D1DADCFB400ED3DC5 /* Assets.xcassets in Resources */ = {isa = PBXBuildFile; fileRef = CB0B5D2C1DADCFB400ED3DC5 /* Assets.xcassets */; };
		CB0B5D3B1DADCFB400ED3DC5 /* iOSTodayTests.m in Sources */ = {isa = PBXBuildFile; fileRef = CB0B5D3A1DADCFB400ED3DC5 /* iOSTodayTests.m */; };
		CB0B5D461DADCFB500ED3DC5 /* iOSTodayUITests.m in Sources */ = {isa = PBXBuildFile; fileRef = CB0B5D451DADCFB500ED3DC5 /* iOSTodayUITests.m */; };
		CB0B5D5A1DADCFDC00ED3DC5 /* NotificationCenter.framework in Frameworks */ = {isa = PBXBuildFile; fileRef = CB0B5D591DADCFDC00ED3DC5 /* NotificationCenter.framework */; };
		CB0B5D5E1DADCFDC00ED3DC5 /* TodayViewController.m in Sources */ = {isa = PBXBuildFile; fileRef = CB0B5D5D1DADCFDC00ED3DC5 /* TodayViewController.m */; };
		CB0B5D611DADCFDC00ED3DC5 /* MainInterface.storyboard in Resources */ = {isa = PBXBuildFile; fileRef = CB0B5D5F1DADCFDC00ED3DC5 /* MainInterface.storyboard */; };
		CB0B5D651DADCFDC00ED3DC5 /* TodayViewController.appex in Embed App Extensions */ = {isa = PBXBuildFile; fileRef = CB0B5D571DADCFDC00ED3DC5 /* TodayViewController.appex */; settings = {ATTRIBUTES = (RemoveHeadersOnCopy, ); }; };
		CB0B5D6C1DADD03E00ED3DC5 /* RootViewController.m in Sources */ = {isa = PBXBuildFile; fileRef = CB0B5D6B1DADD03E00ED3DC5 /* RootViewController.m */; };
		CB0B5D7B1DADD0AD00ED3DC5 /* sx@2x.png in Resources */ = {isa = PBXBuildFile; fileRef = CB0B5D6E1DADD0AD00ED3DC5 /* sx@2x.png */; };
		CB0B5D7C1DADD0AD00ED3DC5 /* sx@3x.png in Resources */ = {isa = PBXBuildFile; fileRef = CB0B5D6F1DADD0AD00ED3DC5 /* sx@3x.png */; };
		CB0B5D7D1DADD0AD00ED3DC5 /* today1@2x.png in Resources */ = {isa = PBXBuildFile; fileRef = CB0B5D701DADD0AD00ED3DC5 /* today1@2x.png */; };
		CB0B5D7E1DADD0AD00ED3DC5 /* today1@3x.png in Resources */ = {isa = PBXBuildFile; fileRef = CB0B5D711DADD0AD00ED3DC5 /* today1@3x.png */; };
		CB0B5D7F1DADD0AD00ED3DC5 /* today2@2x.png in Resources */ = {isa = PBXBuildFile; fileRef = CB0B5D721DADD0AD00ED3DC5 /* today2@2x.png */; };
		CB0B5D801DADD0AD00ED3DC5 /* today2@3x.png in Resources */ = {isa = PBXBuildFile; fileRef = CB0B5D731DADD0AD00ED3DC5 /* today2@3x.png */; };
		CB0B5D811DADD0AD00ED3DC5 /* today3@2x.png in Resources */ = {isa = PBXBuildFile; fileRef = CB0B5D741DADD0AD00ED3DC5 /* today3@2x.png */; };
		CB0B5D821DADD0AD00ED3DC5 /* today3@3x.png in Resources */ = {isa = PBXBuildFile; fileRef = CB0B5D751DADD0AD00ED3DC5 /* today3@3x.png */; };
		CB0B5D831DADD0AD00ED3DC5 /* RoundView.m in Sources */ = {isa = PBXBuildFile; fileRef = CB0B5D781DADD0AD00ED3DC5 /* RoundView.m */; };
		CB0B5D841DADD0AD00ED3DC5 /* WaterView.m in Sources */ = {isa = PBXBuildFile; fileRef = CB0B5D7A1DADD0AD00ED3DC5 /* WaterView.m */; };
		CB0B5D881DADD11200ED3DC5 /* UIView+Extension.m in Sources */ = {isa = PBXBuildFile; fileRef = CB0B5D871DADD11200ED3DC5 /* UIView+Extension.m */; };
		CB0B5D8B1DADD3E500ED3DC5 /* figure_1.png in Resources */ = {isa = PBXBuildFile; fileRef = CB0B5D8A1DADD3E500ED3DC5 /* figure_1.png */; };
		CB0B5D8E1DADD91300ED3DC5 /* figure_2.jpg in Resources */ = {isa = PBXBuildFile; fileRef = CB0B5D8C1DADD91300ED3DC5 /* figure_2.jpg */; };
		CB0B5D8F1DADD91300ED3DC5 /* figure_3.jpg in Resources */ = {isa = PBXBuildFile; fileRef = CB0B5D8D1DADD91300ED3DC5 /* figure_3.jpg */; };
/* End PBXBuildFile section */

/* Begin PBXContainerItemProxy section */
		CB0B5D371DADCFB400ED3DC5 /* PBXContainerItemProxy */ = {
			isa = PBXContainerItemProxy;
			containerPortal = CB0B5D151DADCFB400ED3DC5 /* Project object */;
			proxyType = 1;
			remoteGlobalIDString = CB0B5D1C1DADCFB400ED3DC5;
			remoteInfo = iOSToday;
		};
		CB0B5D421DADCFB400ED3DC5 /* PBXContainerItemProxy */ = {
			isa = PBXContainerItemProxy;
			containerPortal = CB0B5D151DADCFB400ED3DC5 /* Project object */;
			proxyType = 1;
			remoteGlobalIDString = CB0B5D1C1DADCFB400ED3DC5;
			remoteInfo = iOSToday;
		};
		CB0B5D631DADCFDC00ED3DC5 /* PBXContainerItemProxy */ = {
			isa = PBXContainerItemProxy;
			containerPortal = CB0B5D151DADCFB400ED3DC5 /* Project object */;
			proxyType = 1;
			remoteGlobalIDString = CB0B5D561DADCFDC00ED3DC5;
			remoteInfo = TodayViewController;
		};
/* End PBXContainerItemProxy section */

/* Begin PBXCopyFilesBuildPhase section */
		CB0B5D691DADCFDC00ED3DC5 /* Embed App Extensions */ = {
			isa = PBXCopyFilesBuildPhase;
			buildActionMask = 2147483647;
			dstPath = "";
			dstSubfolderSpec = 13;
			files = (
				CB0B5D651DADCFDC00ED3DC5 /* TodayViewController.appex in Embed App Extensions */,
			);
			name = "Embed App Extensions";
			runOnlyForDeploymentPostprocessing = 0;
		};
/* End PBXCopyFilesBuildPhase section */

/* Begin PBXFileReference section */
		CB0B5D1D1DADCFB400ED3DC5 /* iOSToday.app */ = {isa = PBXFileReference; explicitFileType = wrapper.application; includeInIndex = 0; path = iOSToday.app; sourceTree = BUILT_PRODUCTS_DIR; };
		CB0B5D211DADCFB400ED3DC5 /* main.m */ = {isa = PBXFileReference; lastKnownFileType = sourcecode.c.objc; path = main.m; sourceTree = "<group>"; };
		CB0B5D231DADCFB400ED3DC5 /* AppDelegate.h */ = {isa = PBXFileReference; lastKnownFileType = sourcecode.c.h; path = AppDelegate.h; sourceTree = "<group>"; };
		CB0B5D241DADCFB400ED3DC5 /* AppDelegate.m */ = {isa = PBXFileReference; lastKnownFileType = sourcecode.c.objc; path = AppDelegate.m; sourceTree = "<group>"; };
		CB0B5D2C1DADCFB400ED3DC5 /* Assets.xcassets */ = {isa = PBXFileReference; lastKnownFileType = folder.assetcatalog; path = Assets.xcassets; sourceTree = "<group>"; };
		CB0B5D311DADCFB400ED3DC5 /* Info.plist */ = {isa = PBXFileReference; lastKnownFileType = text.plist.xml; path = Info.plist; sourceTree = "<group>"; };
		CB0B5D361DADCFB400ED3DC5 /* iOSTodayTests.xctest */ = {isa = PBXFileReference; explicitFileType = wrapper.cfbundle; includeInIndex = 0; path = iOSTodayTests.xctest; sourceTree = BUILT_PRODUCTS_DIR; };
		CB0B5D3A1DADCFB400ED3DC5 /* iOSTodayTests.m */ = {isa = PBXFileReference; lastKnownFileType = sourcecode.c.objc; path = iOSTodayTests.m; sourceTree = "<group>"; };
		CB0B5D3C1DADCFB400ED3DC5 /* Info.plist */ = {isa = PBXFileReference; lastKnownFileType = text.plist.xml; path = Info.plist; sourceTree = "<group>"; };
		CB0B5D411DADCFB400ED3DC5 /* iOSTodayUITests.xctest */ = {isa = PBXFileReference; explicitFileType = wrapper.cfbundle; includeInIndex = 0; path = iOSTodayUITests.xctest; sourceTree = BUILT_PRODUCTS_DIR; };
		CB0B5D451DADCFB500ED3DC5 /* iOSTodayUITests.m */ = {isa = PBXFileReference; lastKnownFileType = sourcecode.c.objc; path = iOSTodayUITests.m; sourceTree = "<group>"; };
		CB0B5D471DADCFB500ED3DC5 /* Info.plist */ = {isa = PBXFileReference; lastKnownFileType = text.plist.xml; path = Info.plist; sourceTree = "<group>"; };
		CB0B5D571DADCFDC00ED3DC5 /* TodayViewController.appex */ = {isa = PBXFileReference; explicitFileType = "wrapper.app-extension"; includeInIndex = 0; path = TodayViewController.appex; sourceTree = BUILT_PRODUCTS_DIR; };
		CB0B5D591DADCFDC00ED3DC5 /* NotificationCenter.framework */ = {isa = PBXFileReference; lastKnownFileType = wrapper.framework; name = NotificationCenter.framework; path = System/Library/Frameworks/NotificationCenter.framework; sourceTree = SDKROOT; };
		CB0B5D5C1DADCFDC00ED3DC5 /* TodayViewController.h */ = {isa = PBXFileReference; lastKnownFileType = sourcecode.c.h; path = TodayViewController.h; sourceTree = "<group>"; };
		CB0B5D5D1DADCFDC00ED3DC5 /* TodayViewController.m */ = {isa = PBXFileReference; lastKnownFileType = sourcecode.c.objc; path = TodayViewController.m; sourceTree = "<group>"; };
		CB0B5D601DADCFDC00ED3DC5 /* Base */ = {isa = PBXFileReference; lastKnownFileType = file.storyboard; name = Base; path = Base.lproj/MainInterface.storyboard; sourceTree = "<group>"; };
		CB0B5D621DADCFDC00ED3DC5 /* Info.plist */ = {isa = PBXFileReference; lastKnownFileType = text.plist.xml; path = Info.plist; sourceTree = "<group>"; };
		CB0B5D6A1DADD03E00ED3DC5 /* RootViewController.h */ = {isa = PBXFileReference; fileEncoding = 4; lastKnownFileType = sourcecode.c.h; path = RootViewController.h; sourceTree = "<group>"; };
		CB0B5D6B1DADD03E00ED3DC5 /* RootViewController.m */ = {isa = PBXFileReference; fileEncoding = 4; lastKnownFileType = sourcecode.c.objc; path = RootViewController.m; sourceTree = "<group>"; };
		CB0B5D6E1DADD0AD00ED3DC5 /* sx@2x.png */ = {isa = PBXFileReference; lastKnownFileType = image.png; path = "sx@2x.png"; sourceTree = "<group>"; };
		CB0B5D6F1DADD0AD00ED3DC5 /* sx@3x.png */ = {isa = PBXFileReference; lastKnownFileType = image.png; path = "sx@3x.png"; sourceTree = "<group>"; };
		CB0B5D701DADD0AD00ED3DC5 /* today1@2x.png */ = {isa = PBXFileReference; lastKnownFileType = image.png; path = "today1@2x.png"; sourceTree = "<group>"; };
		CB0B5D711DADD0AD00ED3DC5 /* today1@3x.png */ = {isa = PBXFileReference; lastKnownFileType = image.png; path = "today1@3x.png"; sourceTree = "<group>"; };
		CB0B5D721DADD0AD00ED3DC5 /* today2@2x.png */ = {isa = PBXFileReference; lastKnownFileType = image.png; path = "today2@2x.png"; sourceTree = "<group>"; };
		CB0B5D731DADD0AD00ED3DC5 /* today2@3x.png */ = {isa = PBXFileReference; lastKnownFileType = image.png; path = "today2@3x.png"; sourceTree = "<group>"; };
		CB0B5D741DADD0AD00ED3DC5 /* today3@2x.png */ = {isa = PBXFileReference; lastKnownFileType = image.png; path = "today3@2x.png"; sourceTree = "<group>"; };
		CB0B5D751DADD0AD00ED3DC5 /* today3@3x.png */ = {isa = PBXFileReference; lastKnownFileType = image.png; path = "today3@3x.png"; sourceTree = "<group>"; };
		CB0B5D771DADD0AD00ED3DC5 /* RoundView.h */ = {isa = PBXFileReference; fileEncoding = 4; lastKnownFileType = sourcecode.c.h; path = RoundView.h; sourceTree = "<group>"; };
		CB0B5D781DADD0AD00ED3DC5 /* RoundView.m */ = {isa = PBXFileReference; fileEncoding = 4; lastKnownFileType = sourcecode.c.objc; path = RoundView.m; sourceTree = "<group>"; };
		CB0B5D791DADD0AD00ED3DC5 /* WaterView.h */ = {isa = PBXFileReference; fileEncoding = 4; lastKnownFileType = sourcecode.c.h; path = WaterView.h; sourceTree = "<group>"; };
		CB0B5D7A1DADD0AD00ED3DC5 /* WaterView.m */ = {isa = PBXFileReference; fileEncoding = 4; lastKnownFileType = sourcecode.c.objc; path = WaterView.m; sourceTree = "<group>"; };
		CB0B5D861DADD11200ED3DC5 /* UIView+Extension.h */ = {isa = PBXFileReference; fileEncoding = 4; lastKnownFileType = sourcecode.c.h; path = "UIView+Extension.h"; sourceTree = "<group>"; };
		CB0B5D871DADD11200ED3DC5 /* UIView+Extension.m */ = {isa = PBXFileReference; fileEncoding = 4; lastKnownFileType = sourcecode.c.objc; path = "UIView+Extension.m"; sourceTree = "<group>"; };
		CB0B5D8A1DADD3E500ED3DC5 /* figure_1.png */ = {isa = PBXFileReference; lastKnownFileType = image.png; path = figure_1.png; sourceTree = "<group>"; };
		CB0B5D8C1DADD91300ED3DC5 /* figure_2.jpg */ = {isa = PBXFileReference; lastKnownFileType = image.jpeg; path = figure_2.jpg; sourceTree = "<group>"; };
		CB0B5D8D1DADD91300ED3DC5 /* figure_3.jpg */ = {isa = PBXFileReference; lastKnownFileType = image.jpeg; path = figure_3.jpg; sourceTree = "<group>"; };
/* End PBXFileReference section */

/* Begin PBXFrameworksBuildPhase section */
		CB0B5D1A1DADCFB400ED3DC5 /* Frameworks */ = {
			isa = PBXFrameworksBuildPhase;
			buildActionMask = 2147483647;
			files = (
			);
			runOnlyForDeploymentPostprocessing = 0;
		};
		CB0B5D331DADCFB400ED3DC5 /* Frameworks */ = {
			isa = PBXFrameworksBuildPhase;
			buildActionMask = 2147483647;
			files = (
			);
			runOnlyForDeploymentPostprocessing = 0;
		};
		CB0B5D3E1DADCFB400ED3DC5 /* Frameworks */ = {
			isa = PBXFrameworksBuildPhase;
			buildActionMask = 2147483647;
			files = (
			);
			runOnlyForDeploymentPostprocessing = 0;
		};
		CB0B5D541DADCFDC00ED3DC5 /* Frameworks */ = {
			isa = PBXFrameworksBuildPhase;
			buildActionMask = 2147483647;
			files = (
				CB0B5D5A1DADCFDC00ED3DC5 /* NotificationCenter.framework in Frameworks */,
			);
			runOnlyForDeploymentPostprocessing = 0;
		};
/* End PBXFrameworksBuildPhase section */

/* Begin PBXGroup section */
		CB0B5D141DADCFB400ED3DC5 = {
			isa = PBXGroup;
			children = (
				CB0B5D1F1DADCFB400ED3DC5 /* iOSToday */,
				CB0B5D391DADCFB400ED3DC5 /* iOSTodayTests */,
				CB0B5D441DADCFB400ED3DC5 /* iOSTodayUITests */,
				CB0B5D5B1DADCFDC00ED3DC5 /* TodayViewController */,
				CB0B5D581DADCFDC00ED3DC5 /* Frameworks */,
				CB0B5D1E1DADCFB400ED3DC5 /* Products */,
			);
			sourceTree = "<group>";
		};
		CB0B5D1E1DADCFB400ED3DC5 /* Products */ = {
			isa = PBXGroup;
			children = (
				CB0B5D1D1DADCFB400ED3DC5 /* iOSToday.app */,
				CB0B5D361DADCFB400ED3DC5 /* iOSTodayTests.xctest */,
				CB0B5D411DADCFB400ED3DC5 /* iOSTodayUITests.xctest */,
				CB0B5D571DADCFDC00ED3DC5 /* TodayViewController.appex */,
			);
			name = Products;
			sourceTree = "<group>";
		};
		CB0B5D1F1DADCFB400ED3DC5 /* iOSToday */ = {
			isa = PBXGroup;
			children = (
				CB0B5D231DADCFB400ED3DC5 /* AppDelegate.h */,
				CB0B5D241DADCFB400ED3DC5 /* AppDelegate.m */,
				CB0B5D6A1DADD03E00ED3DC5 /* RootViewController.h */,
				CB0B5D6B1DADD03E00ED3DC5 /* RootViewController.m */,
				CB0B5D2C1DADCFB400ED3DC5 /* Assets.xcassets */,
				CB0B5D311DADCFB400ED3DC5 /* Info.plist */,
				CB0B5D201DADCFB400ED3DC5 /* Supporting Files */,
			);
			path = iOSToday;
			sourceTree = "<group>";
		};
		CB0B5D201DADCFB400ED3DC5 /* Supporting Files */ = {
			isa = PBXGroup;
			children = (
				CB0B5D211DADCFB400ED3DC5 /* main.m */,
			);
			name = "Supporting Files";
			sourceTree = "<group>";
		};
		CB0B5D391DADCFB400ED3DC5 /* iOSTodayTests */ = {
			isa = PBXGroup;
			children = (
				CB0B5D3A1DADCFB400ED3DC5 /* iOSTodayTests.m */,
				CB0B5D3C1DADCFB400ED3DC5 /* Info.plist */,
			);
			path = iOSTodayTests;
			sourceTree = "<group>";
		};
		CB0B5D441DADCFB400ED3DC5 /* iOSTodayUITests */ = {
			isa = PBXGroup;
			children = (
				CB0B5D451DADCFB500ED3DC5 /* iOSTodayUITests.m */,
				CB0B5D471DADCFB500ED3DC5 /* Info.plist */,
			);
			path = iOSTodayUITests;
			sourceTree = "<group>";
		};
		CB0B5D581DADCFDC00ED3DC5 /* Frameworks */ = {
			isa = PBXGroup;
			children = (
				CB0B5D591DADCFDC00ED3DC5 /* NotificationCenter.framework */,
			);
			name = Frameworks;
			sourceTree = "<group>";
		};
		CB0B5D5B1DADCFDC00ED3DC5 /* TodayViewController */ = {
			isa = PBXGroup;
			children = (
				CB0B5D891DADD3E500ED3DC5 /* figureImage */,
				CB0B5D851DADD11200ED3DC5 /* Tools */,
				CB0B5D6D1DADD0AD00ED3DC5 /* todayImage */,
				CB0B5D761DADD0AD00ED3DC5 /* todayViews */,
				CB0B5D5C1DADCFDC00ED3DC5 /* TodayViewController.h */,
				CB0B5D5D1DADCFDC00ED3DC5 /* TodayViewController.m */,
				CB0B5D5F1DADCFDC00ED3DC5 /* MainInterface.storyboard */,
				CB0B5D621DADCFDC00ED3DC5 /* Info.plist */,
			);
			path = TodayViewController;
			sourceTree = "<group>";
		};
		CB0B5D6D1DADD0AD00ED3DC5 /* todayImage */ = {
			isa = PBXGroup;
			children = (
				CB0B5D6E1DADD0AD00ED3DC5 /* sx@2x.png */,
				CB0B5D6F1DADD0AD00ED3DC5 /* sx@3x.png */,
				CB0B5D701DADD0AD00ED3DC5 /* today1@2x.png */,
				CB0B5D711DADD0AD00ED3DC5 /* today1@3x.png */,
				CB0B5D721DADD0AD00ED3DC5 /* today2@2x.png */,
				CB0B5D731DADD0AD00ED3DC5 /* today2@3x.png */,
				CB0B5D741DADD0AD00ED3DC5 /* today3@2x.png */,
				CB0B5D751DADD0AD00ED3DC5 /* today3@3x.png */,
			);
			path = todayImage;
			sourceTree = "<group>";
		};
		CB0B5D761DADD0AD00ED3DC5 /* todayViews */ = {
			isa = PBXGroup;
			children = (
				CB0B5D771DADD0AD00ED3DC5 /* RoundView.h */,
				CB0B5D781DADD0AD00ED3DC5 /* RoundView.m */,
				CB0B5D791DADD0AD00ED3DC5 /* WaterView.h */,
				CB0B5D7A1DADD0AD00ED3DC5 /* WaterView.m */,
			);
			path = todayViews;
			sourceTree = "<group>";
		};
		CB0B5D851DADD11200ED3DC5 /* Tools */ = {
			isa = PBXGroup;
			children = (
				CB0B5D861DADD11200ED3DC5 /* UIView+Extension.h */,
				CB0B5D871DADD11200ED3DC5 /* UIView+Extension.m */,
			);
			path = Tools;
			sourceTree = "<group>";
		};
		CB0B5D891DADD3E500ED3DC5 /* figureImage */ = {
			isa = PBXGroup;
			children = (
				CB0B5D8A1DADD3E500ED3DC5 /* figure_1.png */,
				CB0B5D8C1DADD91300ED3DC5 /* figure_2.jpg */,
				CB0B5D8D1DADD91300ED3DC5 /* figure_3.jpg */,
			);
			path = figureImage;
			sourceTree = "<group>";
		};
/* End PBXGroup section */

/* Begin PBXNativeTarget section */
		CB0B5D1C1DADCFB400ED3DC5 /* iOSToday */ = {
			isa = PBXNativeTarget;
			buildConfigurationList = CB0B5D4A1DADCFB500ED3DC5 /* Build configuration list for PBXNativeTarget "iOSToday" */;
			buildPhases = (
				CB0B5D191DADCFB400ED3DC5 /* Sources */,
				CB0B5D1A1DADCFB400ED3DC5 /* Frameworks */,
				CB0B5D1B1DADCFB400ED3DC5 /* Resources */,
				CB0B5D691DADCFDC00ED3DC5 /* Embed App Extensions */,
			);
			buildRules = (
			);
			dependencies = (
				CB0B5D641DADCFDC00ED3DC5 /* PBXTargetDependency */,
			);
			name = iOSToday;
			productName = iOSToday;
			productReference = CB0B5D1D1DADCFB400ED3DC5 /* iOSToday.app */;
			productType = "com.apple.product-type.application";
		};
		CB0B5D351DADCFB400ED3DC5 /* iOSTodayTests */ = {
			isa = PBXNativeTarget;
			buildConfigurationList = CB0B5D4D1DADCFB500ED3DC5 /* Build configuration list for PBXNativeTarget "iOSTodayTests" */;
			buildPhases = (
				CB0B5D321DADCFB400ED3DC5 /* Sources */,
				CB0B5D331DADCFB400ED3DC5 /* Frameworks */,
				CB0B5D341DADCFB400ED3DC5 /* Resources */,
			);
			buildRules = (
			);
			dependencies = (
				CB0B5D381DADCFB400ED3DC5 /* PBXTargetDependency */,
			);
			name = iOSTodayTests;
			productName = iOSTodayTests;
			productReference = CB0B5D361DADCFB400ED3DC5 /* iOSTodayTests.xctest */;
			productType = "com.apple.product-type.bundle.unit-test";
		};
		CB0B5D401DADCFB400ED3DC5 /* iOSTodayUITests */ = {
			isa = PBXNativeTarget;
			buildConfigurationList = CB0B5D501DADCFB500ED3DC5 /* Build configuration list for PBXNativeTarget "iOSTodayUITests" */;
			buildPhases = (
				CB0B5D3D1DADCFB400ED3DC5 /* Sources */,
				CB0B5D3E1DADCFB400ED3DC5 /* Frameworks */,
				CB0B5D3F1DADCFB400ED3DC5 /* Resources */,
			);
			buildRules = (
			);
			dependencies = (
				CB0B5D431DADCFB400ED3DC5 /* PBXTargetDependency */,
			);
			name = iOSTodayUITests;
			productName = iOSTodayUITests;
			productReference = CB0B5D411DADCFB400ED3DC5 /* iOSTodayUITests.xctest */;
			productType = "com.apple.product-type.bundle.ui-testing";
		};
		CB0B5D561DADCFDC00ED3DC5 /* TodayViewController */ = {
			isa = PBXNativeTarget;
			buildConfigurationList = CB0B5D661DADCFDC00ED3DC5 /* Build configuration list for PBXNativeTarget "TodayViewController" */;
			buildPhases = (
				CB0B5D531DADCFDC00ED3DC5 /* Sources */,
				CB0B5D541DADCFDC00ED3DC5 /* Frameworks */,
				CB0B5D551DADCFDC00ED3DC5 /* Resources */,
			);
			buildRules = (
			);
			dependencies = (
			);
			name = TodayViewController;
			productName = TodayViewController;
			productReference = CB0B5D571DADCFDC00ED3DC5 /* TodayViewController.appex */;
			productType = "com.apple.product-type.app-extension";
		};
/* End PBXNativeTarget section */

/* Begin PBXProject section */
		CB0B5D151DADCFB400ED3DC5 /* Project object */ = {
			isa = PBXProject;
			attributes = {
				LastUpgradeCheck = 0720;
				ORGANIZATIONNAME = "王文杰";
				TargetAttributes = {
					CB0B5D1C1DADCFB400ED3DC5 = {
						CreatedOnToolsVersion = 7.2;
					};
					CB0B5D351DADCFB400ED3DC5 = {
						CreatedOnToolsVersion = 7.2;
						TestTargetID = CB0B5D1C1DADCFB400ED3DC5;
					};
					CB0B5D401DADCFB400ED3DC5 = {
						CreatedOnToolsVersion = 7.2;
						TestTargetID = CB0B5D1C1DADCFB400ED3DC5;
					};
					CB0B5D561DADCFDC00ED3DC5 = {
						CreatedOnToolsVersion = 7.2;
					};
				};
			};
			buildConfigurationList = CB0B5D181DADCFB400ED3DC5 /* Build configuration list for PBXProject "iOSToday" */;
			compatibilityVersion = "Xcode 3.2";
			developmentRegion = English;
			hasScannedForEncodings = 0;
			knownRegions = (
				en,
				Base,
			);
			mainGroup = CB0B5D141DADCFB400ED3DC5;
			productRefGroup = CB0B5D1E1DADCFB400ED3DC5 /* Products */;
			projectDirPath = "";
			projectRoot = "";
			targets = (
				CB0B5D1C1DADCFB400ED3DC5 /* iOSToday */,
				CB0B5D351DADCFB400ED3DC5 /* iOSTodayTests */,
				CB0B5D401DADCFB400ED3DC5 /* iOSTodayUITests */,
				CB0B5D561DADCFDC00ED3DC5 /* TodayViewController */,
			);
		};
/* End PBXProject section */

/* Begin PBXResourcesBuildPhase section */
		CB0B5D1B1DADCFB400ED3DC5 /* Resources */ = {
			isa = PBXResourcesBuildPhase;
			buildActionMask = 2147483647;
			files = (
				CB0B5D2D1DADCFB400ED3DC5 /* Assets.xcassets in Resources */,
			);
			runOnlyForDeploymentPostprocessing = 0;
		};
		CB0B5D341DADCFB400ED3DC5 /* Resources */ = {
			isa = PBXResourcesBuildPhase;
			buildActionMask = 2147483647;
			files = (
			);
			runOnlyForDeploymentPostprocessing = 0;
		};
		CB0B5D3F1DADCFB400ED3DC5 /* Resources */ = {
			isa = PBXResourcesBuildPhase;
			buildActionMask = 2147483647;
			files = (
			);
			runOnlyForDeploymentPostprocessing = 0;
		};
		CB0B5D551DADCFDC00ED3DC5 /* Resources */ = {
			isa = PBXResourcesBuildPhase;
			buildActionMask = 2147483647;
			files = (
				CB0B5D7D1DADD0AD00ED3DC5 /* today1@2x.png in Resources */,
				CB0B5D801DADD0AD00ED3DC5 /* today2@3x.png in Resources */,
				CB0B5D7F1DADD0AD00ED3DC5 /* today2@2x.png in Resources */,
				CB0B5D8E1DADD91300ED3DC5 /* figure_2.jpg in Resources */,
				CB0B5D611DADCFDC00ED3DC5 /* MainInterface.storyboard in Resources */,
				CB0B5D821DADD0AD00ED3DC5 /* today3@3x.png in Resources */,
				CB0B5D7E1DADD0AD00ED3DC5 /* today1@3x.png in Resources */,
				CB0B5D7C1DADD0AD00ED3DC5 /* sx@3x.png in Resources */,
				CB0B5D8B1DADD3E500ED3DC5 /* figure_1.png in Resources */,
				CB0B5D811DADD0AD00ED3DC5 /* today3@2x.png in Resources */,
				CB0B5D7B1DADD0AD00ED3DC5 /* sx@2x.png in Resources */,
				CB0B5D8F1DADD91300ED3DC5 /* figure_3.jpg in Resources */,
			);
			runOnlyForDeploymentPostprocessing = 0;
		};
/* End PBXResourcesBuildPhase section */

/* Begin PBXSourcesBuildPhase section */
		CB0B5D191DADCFB400ED3DC5 /* Sources */ = {
			isa = PBXSourcesBuildPhase;
			buildActionMask = 2147483647;
			files = (
				CB0B5D251DADCFB400ED3DC5 /* AppDelegate.m in Sources */,
				CB0B5D221DADCFB400ED3DC5 /* main.m in Sources */,
				CB0B5D6C1DADD03E00ED3DC5 /* RootViewController.m in Sources */,
			);
			runOnlyForDeploymentPostprocessing = 0;
		};
		CB0B5D321DADCFB400ED3DC5 /* Sources */ = {
			isa = PBXSourcesBuildPhase;
			buildActionMask = 2147483647;
			files = (
				CB0B5D3B1DADCFB400ED3DC5 /* iOSTodayTests.m in Sources */,
			);
			runOnlyForDeploymentPostprocessing = 0;
		};
		CB0B5D3D1DADCFB400ED3DC5 /* Sources */ = {
			isa = PBXSourcesBuildPhase;
			buildActionMask = 2147483647;
			files = (
				CB0B5D461DADCFB500ED3DC5 /* iOSTodayUITests.m in Sources */,
			);
			runOnlyForDeploymentPostprocessing = 0;
		};
		CB0B5D531DADCFDC00ED3DC5 /* Sources */ = {
			isa = PBXSourcesBuildPhase;
			buildActionMask = 2147483647;
			files = (
				CB0B5D5E1DADCFDC00ED3DC5 /* TodayViewController.m in Sources */,
				CB0B5D841DADD0AD00ED3DC5 /* WaterView.m in Sources */,
				CB0B5D881DADD11200ED3DC5 /* UIView+Extension.m in Sources */,
				CB0B5D831DADD0AD00ED3DC5 /* RoundView.m in Sources */,
			);
			runOnlyForDeploymentPostprocessing = 0;
		};
/* End PBXSourcesBuildPhase section */

/* Begin PBXTargetDependency section */
		CB0B5D381DADCFB400ED3DC5 /* PBXTargetDependency */ = {
			isa = PBXTargetDependency;
			target = CB0B5D1C1DADCFB400ED3DC5 /* iOSToday */;
			targetProxy = CB0B5D371DADCFB400ED3DC5 /* PBXContainerItemProxy */;
		};
		CB0B5D431DADCFB400ED3DC5 /* PBXTargetDependency */ = {
			isa = PBXTargetDependency;
			target = CB0B5D1C1DADCFB400ED3DC5 /* iOSToday */;
			targetProxy = CB0B5D421DADCFB400ED3DC5 /* PBXContainerItemProxy */;
		};
		CB0B5D641DADCFDC00ED3DC5 /* PBXTargetDependency */ = {
			isa = PBXTargetDependency;
			target = CB0B5D561DADCFDC00ED3DC5 /* TodayViewController */;
			targetProxy = CB0B5D631DADCFDC00ED3DC5 /* PBXContainerItemProxy */;
		};
/* End PBXTargetDependency section */

/* Begin PBXVariantGroup section */
		CB0B5D5F1DADCFDC00ED3DC5 /* MainInterface.storyboard */ = {
			isa = PBXVariantGroup;
			children = (
				CB0B5D601DADCFDC00ED3DC5 /* Base */,
			);
			name = MainInterface.storyboard;
			sourceTree = "<group>";
		};
/* End PBXVariantGroup section */

/* Begin XCBuildConfiguration section */
		CB0B5D481DADCFB500ED3DC5 /* Debug */ = {
			isa = XCBuildConfiguration;
			buildSettings = {
				ALWAYS_SEARCH_USER_PATHS = NO;
				CLANG_CXX_LANGUAGE_STANDARD = "gnu++0x";
				CLANG_CXX_LIBRARY = "libc++";
				CLANG_ENABLE_MODULES = YES;
				CLANG_ENABLE_OBJC_ARC = YES;
				CLANG_WARN_BOOL_CONVERSION = YES;
				CLANG_WARN_CONSTANT_CONVERSION = YES;
				CLANG_WARN_DIRECT_OBJC_ISA_USAGE = YES_ERROR;
				CLANG_WARN_EMPTY_BODY = YES;
				CLANG_WARN_ENUM_CONVERSION = YES;
				CLANG_WARN_INT_CONVERSION = YES;
				CLANG_WARN_OBJC_ROOT_CLASS = YES_ERROR;
				CLANG_WARN_UNREACHABLE_CODE = YES;
				CLANG_WARN__DUPLICATE_METHOD_MATCH = YES;
				"CODE_SIGN_IDENTITY[sdk=iphoneos*]" = "iPhone Developer";
				COPY_PHASE_STRIP = NO;
				DEBUG_INFORMATION_FORMAT = dwarf;
				ENABLE_STRICT_OBJC_MSGSEND = YES;
				ENABLE_TESTABILITY = YES;
				GCC_C_LANGUAGE_STANDARD = gnu99;
				GCC_DYNAMIC_NO_PIC = NO;
				GCC_NO_COMMON_BLOCKS = YES;
				GCC_OPTIMIZATION_LEVEL = 0;
				GCC_PREPROCESSOR_DEFINITIONS = (
					"DEBUG=1",
					"$(inherited)",
				);
				GCC_WARN_64_TO_32_BIT_CONVERSION = YES;
				GCC_WARN_ABOUT_RETURN_TYPE = YES_ERROR;
				GCC_WARN_UNDECLARED_SELECTOR = YES;
				GCC_WARN_UNINITIALIZED_AUTOS = YES_AGGRESSIVE;
				GCC_WARN_UNUSED_FUNCTION = YES;
				GCC_WARN_UNUSED_VARIABLE = YES;
				IPHONEOS_DEPLOYMENT_TARGET = 9.2;
				MTL_ENABLE_DEBUG_INFO = YES;
				ONLY_ACTIVE_ARCH = YES;
				SDKROOT = iphoneos;
				TARGETED_DEVICE_FAMILY = "1,2";
			};
			name = Debug;
		};
		CB0B5D491DADCFB500ED3DC5 /* Release */ = {
			isa = XCBuildConfiguration;
			buildSettings = {
				ALWAYS_SEARCH_USER_PATHS = NO;
				CLANG_CXX_LANGUAGE_STANDARD = "gnu++0x";
				CLANG_CXX_LIBRARY = "libc++";
				CLANG_ENABLE_MODULES = YES;
				CLANG_ENABLE_OBJC_ARC = YES;
				CLANG_WARN_BOOL_CONVERSION = YES;
				CLANG_WARN_CONSTANT_CONVERSION = YES;
				CLANG_WARN_DIRECT_OBJC_ISA_USAGE = YES_ERROR;
				CLANG_WARN_EMPTY_BODY = YES;
				CLANG_WARN_ENUM_CONVERSION = YES;
				CLANG_WARN_INT_CONVERSION = YES;
				CLANG_WARN_OBJC_ROOT_CLASS = YES_ERROR;
				CLANG_WARN_UNREACHABLE_CODE = YES;
				CLANG_WARN__DUPLICATE_METHOD_MATCH = YES;
				"CODE_SIGN_IDENTITY[sdk=iphoneos*]" = "iPhone Developer";
				COPY_PHASE_STRIP = NO;
				DEBUG_INFORMATION_FORMAT = "dwarf-with-dsym";
				ENABLE_NS_ASSERTIONS = NO;
				ENABLE_STRICT_OBJC_MSGSEND = YES;
				GCC_C_LANGUAGE_STANDARD = gnu99;
				GCC_NO_COMMON_BLOCKS = YES;
				GCC_WARN_64_TO_32_BIT_CONVERSION = YES;
				GCC_WARN_ABOUT_RETURN_TYPE = YES_ERROR;
				GCC_WARN_UNDECLARED_SELECTOR = YES;
				GCC_WARN_UNINITIALIZED_AUTOS = YES_AGGRESSIVE;
				GCC_WARN_UNUSED_FUNCTION = YES;
				GCC_WARN_UNUSED_VARIABLE = YES;
				IPHONEOS_DEPLOYMENT_TARGET = 9.2;
				MTL_ENABLE_DEBUG_INFO = NO;
				SDKROOT = iphoneos;
				TARGETED_DEVICE_FAMILY = "1,2";
				VALIDATE_PRODUCT = YES;
			};
			name = Release;
		};
		CB0B5D4B1DADCFB500ED3DC5 /* Debug */ = {
			isa = XCBuildConfiguration;
			buildSettings = {
				ASSETCATALOG_COMPILER_APPICON_NAME = AppIcon;
				INFOPLIST_FILE = iOSToday/Info.plist;
				LD_RUNPATH_SEARCH_PATHS = "$(inherited) @executable_path/Frameworks";
				PRODUCT_BUNDLE_IDENTIFIER = wangwenjie.iOSToday;
				PRODUCT_NAME = "$(TARGET_NAME)";
			};
			name = Debug;
		};
		CB0B5D4C1DADCFB500ED3DC5 /* Release */ = {
			isa = XCBuildConfiguration;
			buildSettings = {
				ASSETCATALOG_COMPILER_APPICON_NAME = AppIcon;
				INFOPLIST_FILE = iOSToday/Info.plist;
				LD_RUNPATH_SEARCH_PATHS = "$(inherited) @executable_path/Frameworks";
				PRODUCT_BUNDLE_IDENTIFIER = wangwenjie.iOSToday;
				PRODUCT_NAME = "$(TARGET_NAME)";
			};
			name = Release;
		};
		CB0B5D4E1DADCFB500ED3DC5 /* Debug */ = {
			isa = XCBuildConfiguration;
			buildSettings = {
				BUNDLE_LOADER = "$(TEST_HOST)";
				INFOPLIST_FILE = iOSTodayTests/Info.plist;
				LD_RUNPATH_SEARCH_PATHS = "$(inherited) @executable_path/Frameworks @loader_path/Frameworks";
				PRODUCT_BUNDLE_IDENTIFIER = wangwenjie.iOSTodayTests;
				PRODUCT_NAME = "$(TARGET_NAME)";
				TEST_HOST = "$(BUILT_PRODUCTS_DIR)/iOSToday.app/iOSToday";
			};
			name = Debug;
		};
		CB0B5D4F1DADCFB500ED3DC5 /* Release */ = {
			isa = XCBuildConfiguration;
			buildSettings = {
				BUNDLE_LOADER = "$(TEST_HOST)";
				INFOPLIST_FILE = iOSTodayTests/Info.plist;
				LD_RUNPATH_SEARCH_PATHS = "$(inherited) @executable_path/Frameworks @loader_path/Frameworks";
				PRODUCT_BUNDLE_IDENTIFIER = wangwenjie.iOSTodayTests;
				PRODUCT_NAME = "$(TARGET_NAME)";
				TEST_HOST = "$(BUILT_PRODUCTS_DIR)/iOSToday.app/iOSToday";
			};
			name = Release;
		};
		CB0B5D511DADCFB500ED3DC5 /* Debug */ = {
			isa = XCBuildConfiguration;
			buildSettings = {
				INFOPLIST_FILE = iOSTodayUITests/Info.plist;
				LD_RUNPATH_SEARCH_PATHS = "$(inherited) @executable_path/Frameworks @loader_path/Frameworks";
				PRODUCT_BUNDLE_IDENTIFIER = wangwenjie.iOSTodayUITests;
				PRODUCT_NAME = "$(TARGET_NAME)";
				TEST_TARGET_NAME = iOSToday;
				USES_XCTRUNNER = YES;
			};
			name = Debug;
		};
		CB0B5D521DADCFB500ED3DC5 /* Release */ = {
			isa = XCBuildConfiguration;
			buildSettings = {
				INFOPLIST_FILE = iOSTodayUITests/Info.plist;
				LD_RUNPATH_SEARCH_PATHS = "$(inherited) @executable_path/Frameworks @loader_path/Frameworks";
				PRODUCT_BUNDLE_IDENTIFIER = wangwenjie.iOSTodayUITests;
				PRODUCT_NAME = "$(TARGET_NAME)";
				TEST_TARGET_NAME = iOSToday;
				USES_XCTRUNNER = YES;
			};
			name = Release;
		};
		CB0B5D671DADCFDC00ED3DC5 /* Debug */ = {
			isa = XCBuildConfiguration;
			buildSettings = {
				INFOPLIST_FILE = TodayViewController/Info.plist;
				LD_RUNPATH_SEARCH_PATHS = "$(inherited) @executable_path/Frameworks @executable_path/../../Frameworks";
				PRODUCT_BUNDLE_IDENTIFIER = wangwenjie.iOSToday.TodayViewController;
				PRODUCT_NAME = "$(TARGET_NAME)";
				SKIP_INSTALL = YES;
			};
			name = Debug;
		};
		CB0B5D681DADCFDC00ED3DC5 /* Release */ = {
			isa = XCBuildConfiguration;
			buildSettings = {
				INFOPLIST_FILE = TodayViewController/Info.plist;
				LD_RUNPATH_SEARCH_PATHS = "$(inherited) @executable_path/Frameworks @executable_path/../../Frameworks";
				PRODUCT_BUNDLE_IDENTIFIER = wangwenjie.iOSToday.TodayViewController;
				PRODUCT_NAME = "$(TARGET_NAME)";
				SKIP_INSTALL = YES;
			};
			name = Release;
		};
/* End XCBuildConfiguration section */

/* Begin XCConfigurationList section */
		CB0B5D181DADCFB400ED3DC5 /* Build configuration list for PBXProject "iOSToday" */ = {
			isa = XCConfigurationList;
			buildConfigurations = (
				CB0B5D481DADCFB500ED3DC5 /* Debug */,
				CB0B5D491DADCFB500ED3DC5 /* Release */,
			);
			defaultConfigurationIsVisible = 0;
			defaultConfigurationName = Release;
		};
		CB0B5D4A1DADCFB500ED3DC5 /* Build configuration list for PBXNativeTarget "iOSToday" */ = {
			isa = XCConfigurationList;
			buildConfigurations = (
				CB0B5D4B1DADCFB500ED3DC5 /* Debug */,
				CB0B5D4C1DADCFB500ED3DC5 /* Release */,
			);
			defaultConfigurationIsVisible = 0;
			defaultConfigurationName = Release;
		};
		CB0B5D4D1DADCFB500ED3DC5 /* Build configuration list for PBXNativeTarget "iOSTodayTests" */ = {
			isa = XCConfigurationList;
			buildConfigurations = (
				CB0B5D4E1DADCFB500ED3DC5 /* Debug */,
				CB0B5D4F1DADCFB500ED3DC5 /* Release */,
			);
			defaultConfigurationIsVisible = 0;
			defaultConfigurationName = Release;
		};
		CB0B5D501DADCFB500ED3DC5 /* Build configuration list for PBXNativeTarget "iOSTodayUITests" */ = {
			isa = XCConfigurationList;
			buildConfigurations = (
				CB0B5D511DADCFB500ED3DC5 /* Debug */,
				CB0B5D521DADCFB500ED3DC5 /* Release */,
			);
			defaultConfigurationIsVisible = 0;
			defaultConfigurationName = Release;
		};
		CB0B5D661DADCFDC00ED3DC5 /* Build configuration list for PBXNativeTarget "TodayViewController" */ = {
			isa = XCConfigurationList;
			buildConfigurations = (
				CB0B5D671DADCFDC00ED3DC5 /* Debug */,
				CB0B5D681DADCFDC00ED3DC5 /* Release */,
			);
			defaultConfigurationIsVisible = 0;
			defaultConfigurationName = Release;
		};
/* End XCConfigurationList section */
	};
	rootObject = CB0B5D151DADCFB400ED3DC5 /* Project object */;
}
